# This is a Gradle generated file for dependency locking.
# Manual edits can break the build and are not advised.
# This file is expected to be part of source control.
bundledModule:intellij-platform-test-runtime:IC-251.29188.11=intellijPlatformTestRuntimeFixClasspath
ch.qos.logback:logback-classic:1.5.18=intellijPlatformComposedJar,intellijPlatformRuntimeClasspath,intellijPlatformTestRuntimeClasspath,runtimeClasspath,testRuntimeClasspath
ch.qos.logback:logback-core:1.5.18=intellijPlatformComposedJar,intellijPlatformRuntimeClasspath,intellijPlatformTestRuntimeClasspath,runtimeClasspath,testRuntimeClasspath
com.fasterxml.jackson.core:jackson-annotations:2.20=intellijPlatformComposedJar,intellijPlatformRuntimeClasspath,intellijPlatformTestRuntimeClasspath,runtimeClasspath,testRuntimeClasspath
com.fasterxml.jackson.core:jackson-core:2.20.0=intellijPlatformComposedJar,intellijPlatformRuntimeClasspath,intellijPlatformTestRuntimeClasspath,runtimeClasspath,testRuntimeClasspath
com.fasterxml.jackson.core:jackson-databind:2.20.0=intellijPlatformComposedJar,intellijPlatformRuntimeClasspath,intellijPlatformTestRuntimeClasspath,runtimeClasspath,testRuntimeClasspath
com.fasterxml.jackson:jackson-bom:2.20.0=intellijPlatformComposedJar,intellijPlatformRuntimeClasspath,intellijPlatformTestRuntimeClasspath,runtimeClasspath,testRuntimeClasspath
com.github.avro-kotlin.avro4k:avro4k-core:2.10.0=intellijPlatformComposedJar,intellijPlatformRuntimeClasspath,intellijPlatformTestRuntimeClasspath,runtimeClasspath,testRuntimeClasspath
com.github.luben:zstd-jni:1.5.6-9=intellijPlatformComposedJar,intellijPlatformRuntimeClasspath,intellijPlatformTestRuntimeClasspath,runtimeClasspath,testRuntimeClasspath
com.google.code.findbugs:jsr305:3.0.2=intellijPlatformComposedJar,intellijPlatformRuntimeClasspath,intellijPlatformTestRuntimeClasspath,runtimeClasspath,testRuntimeClasspath
com.google.errorprone:error_prone_annotations:2.21.1=intellijPlatformComposedJar,intellijPlatformRuntimeClasspath,intellijPlatformTestRuntimeClasspath,runtimeClasspath,testRuntimeClasspath
com.google.guava:failureaccess:1.0.1=intellijPlatformComposedJar,intellijPlatformRuntimeClasspath,intellijPlatformTestRuntimeClasspath,runtimeClasspath,testRuntimeClasspath
com.google.guava:guava:32.1.3-jre=intellijPlatformComposedJar,intellijPlatformRuntimeClasspath,intellijPlatformTestRuntimeClasspath,runtimeClasspath,testRuntimeClasspath
com.google.guava:listenablefuture:9999.0-empty-to-avoid-conflict-with-guava=intellijPlatformComposedJar,intellijPlatformRuntimeClasspath,intellijPlatformTestRuntimeClasspath,runtimeClasspath,testRuntimeClasspath
com.jetbrains.intellij.java:java-compiler-ant-tasks:251.29188.11=intellijPlatformJavaCompiler
com.jetbrains.intellij.java:java-compiler-instrumentation-util-java8:251.29188.11=intellijPlatformJavaCompiler
com.jetbrains.intellij.java:java-compiler-instrumentation-util:251.29188.11=intellijPlatformJavaCompiler
com.jetbrains.intellij.java:java-gui-forms-compiler:251.29188.11=intellijPlatformJavaCompiler
com.jetbrains.intellij.java:java-gui-forms-rt:251.29188.11=intellijPlatformJavaCompiler
com.jetbrains.intellij.platform:util-jdom:251.29188.11=intellijPlatformJavaCompiler
com.jgoodies:forms:1.1-preview=intellijPlatformJavaCompiler
com.squareup.okio:okio-jvm:3.16.4=intellijPlatformComposedJar,intellijPlatformRuntimeClasspath,intellijPlatformTestRuntimeClasspath,runtimeClasspath,testRuntimeClasspath
com.squareup.okio:okio:3.16.4=intellijPlatformComposedJar,intellijPlatformRuntimeClasspath,intellijPlatformTestRuntimeClasspath,runtimeClasspath,testRuntimeClasspath
commons-codec:commons-codec:1.19.0=intellijPlatformComposedJar,intellijPlatformRuntimeClasspath,intellijPlatformTestRuntimeClasspath,runtimeClasspath,testRuntimeClasspath
commons-io:commons-io:2.20.0=intellijPlatformComposedJar,intellijPlatformRuntimeClasspath,intellijPlatformTestRuntimeClasspath,runtimeClasspath,testRuntimeClasspath
idea:ideaIC:2025.1.7=compileClasspath,intellijPlatformClasspath,intellijPlatformDependency,intellijPlatformDependencyArchive,intellijPlatformTestClasspath,testCompileClasspath
idea:ideaIC:2025.2.6.3=intellijPluginVerifierIdesDependency
io.github.java-diff-utils:java-diff-utils:4.12=kotlinInternalAbiValidation
jaxen:jaxen:1.2.0=intellijPlatformJavaCompiler
junit:junit:4.13.2=intellijPlatformTestRuntimeClasspath,testRuntimeClasspath
org.apache.avro:avro:1.12.1=intellijPlatformComposedJar,intellijPlatformRuntimeClasspath,intellijPlatformTestRuntimeClasspath,runtimeClasspath,testRuntimeClasspath
org.apache.commons:commons-compress:1.28.0=intellijPlatformComposedJar,intellijPlatformRuntimeClasspath,intellijPlatformTestRuntimeClasspath,runtimeClasspath,testRuntimeClasspath
org.apache.commons:commons-lang3:3.18.0=intellijPlatformComposedJar,intellijPlatformRuntimeClasspath,intellijPlatformTestRuntimeClasspath,runtimeClasspath,testRuntimeClasspath
org.apiguardian:apiguardian-api:1.1.2=testCompileClasspath
org.checkerframework:checker-qual:3.37.0=intellijPlatformComposedJar,intellijPlatformRuntimeClasspath,intellijPlatformTestRuntimeClasspath,runtimeClasspath,testRuntimeClasspath
org.duckdb:duckdb_jdbc:1.4.4.0=intellijPlatformComposedJar,intellijPlatformRuntimeClasspath,intellijPlatformTestRuntimeClasspath,runtimeClasspath,testRuntimeClasspath
org.eclipse.elk:org.eclipse.elk.alg.common:0.11.0=intellijPlatformComposedJar,intellijPlatformRuntimeClasspath,intellijPlatformTestRuntimeClasspath,runtimeClasspath,testRuntimeClasspath
org.eclipse.elk:org.eclipse.elk.alg.force:0.11.0=intellijPlatformComposedJar,intellijPlatformRuntimeClasspath,intellijPlatformTestRuntimeClasspath,runtimeClasspath,testRuntimeClasspath
org.eclipse.elk:org.eclipse.elk.alg.layered:0.11.0=intellijPlatformComposedJar,intellijPlatformRuntimeClasspath,intellijPlatformTestRuntimeClasspath,runtimeClasspath,testRuntimeClasspath
org.eclipse.elk:org.eclipse.elk.alg.mrtree:0.11.0=intellijPlatformComposedJar,intellijPlatformRuntimeClasspath,intellijPlatformTestRuntimeClasspath,runtimeClasspath,testRuntimeClasspath
org.eclipse.elk:org.eclipse.elk.core:0.11.0=intellijPlatformComposedJar,intellijPlatformRuntimeClasspath,intellijPlatformTestRuntimeClasspath,runtimeClasspath,testRuntimeClasspath
org.eclipse.elk:org.eclipse.elk.graph:0.11.0=intellijPlatformComposedJar,intellijPlatformRuntimeClasspath,intellijPlatformTestRuntimeClasspath,runtimeClasspath,testRuntimeClasspath
org.eclipse.emf:org.eclipse.emf.common:2.12.0=intellijPlatformComposedJar,intellijPlatformRuntimeClasspath,intellijPlatformTestRuntimeClasspath,runtimeClasspath,testRuntimeClasspath
org.eclipse.emf:org.eclipse.emf.ecore.xmi:2.12.0=intellijPlatformComposedJar,intellijPlatformRuntimeClasspath,intellijPlatformTestRuntimeClasspath,runtimeClasspath,testRuntimeClasspath
org.eclipse.emf:org.eclipse.emf.ecore:2.12.0=intellijPlatformComposedJar,intellijPlatformRuntimeClasspath,intellijPlatformTestRuntimeClasspath,runtimeClasspath,testRuntimeClasspath
org.eclipse.xtext:org.eclipse.xtext.xbase.lib:2.33.0=intellijPlatformComposedJar,intellijPlatformRuntimeClasspath,intellijPlatformTestRuntimeClasspath,runtimeClasspath,testRuntimeClasspath
org.hamcrest:hamcrest-core:1.3=intellijPlatformTestRuntimeClasspath,testRuntimeClasspath
org.jetbrains.compose.hot-reload:hot-reload-agent:1.1.0-alpha03=composeHotReloadAgent
org.jetbrains.intellij.deps:asm-all:9.6.1=intellijPlatformJavaCompiler
org.jetbrains.intellij.plugins:verifier-cli:1.410=intellijPluginVerifier
org.jetbrains.kotlin:abi-tools-api:2.3.10=kotlinInternalAbiValidation
org.jetbrains.kotlin:abi-tools:2.3.10=kotlinInternalAbiValidation
org.jetbrains.kotlin:kotlin-build-tools-api:2.3.10=kotlinBuildToolsApiClasspath
org.jetbrains.kotlin:kotlin-build-tools-compat:2.3.10=kotlinBuildToolsApiClasspath
org.jetbrains.kotlin:kotlin-build-tools-impl:2.3.10=kotlinBuildToolsApiClasspath
org.jetbrains.kotlin:kotlin-compiler-embeddable:2.3.10=kotlinBuildToolsApiClasspath,kotlinCompilerClasspath,kotlinKlibCommonizerClasspath
org.jetbrains.kotlin:kotlin-compiler-runner:2.3.10=kotlinBuildToolsApiClasspath
org.jetbrains.kotlin:kotlin-daemon-client:2.3.10=kotlinBuildToolsApiClasspath
org.jetbrains.kotlin:kotlin-daemon-embeddable:2.3.10=kotlinBuildToolsApiClasspath,kotlinCompilerClasspath,kotlinKlibCommonizerClasspath
org.jetbrains.kotlin:kotlin-klib-abi-reader:2.3.10=kotlinInternalAbiValidation
org.jetbrains.kotlin:kotlin-klib-commonizer-embeddable:2.3.10=kotlinKlibCommonizerClasspath
org.jetbrains.kotlin:kotlin-metadata-jvm:2.3.10=kotlinInternalAbiValidation
org.jetbrains.kotlin:kotlin-reflect:1.6.10=kotlinBuildToolsApiClasspath,kotlinCompilerClasspath,kotlinKlibCommonizerClasspath
org.jetbrains.kotlin:kotlin-script-runtime:2.3.10=kotlinBuildToolsApiClasspath,kotlinCompilerClasspath,kotlinCompilerPluginClasspathMain,kotlinCompilerPluginClasspathTest,kotlinKlibCommonizerClasspath
org.jetbrains.kotlin:kotlin-scripting-common:2.3.10=kotlinCompilerPluginClasspathMain,kotlinCompilerPluginClasspathTest
org.jetbrains.kotlin:kotlin-scripting-compiler-embeddable:2.3.10=kotlinCompilerPluginClasspathMain,kotlinCompilerPluginClasspathTest
org.jetbrains.kotlin:kotlin-scripting-compiler-impl-embeddable:2.3.10=kotlinCompilerPluginClasspathMain,kotlinCompilerPluginClasspathTest
org.jetbrains.kotlin:kotlin-scripting-jvm:2.3.10=kotlinCompilerPluginClasspathMain,kotlinCompilerPluginClasspathTest
org.jetbrains.kotlin:kotlin-stdlib:2.3.10=compileClasspath,intellijPlatformComposedJar,intellijPlatformRuntimeClasspath,intellijPlatformTestRuntimeClasspath,kotlinBuildToolsApiClasspath,kotlinCompilerClasspath,kotlinCompilerPluginClasspathMain,kotlinCompilerPluginClasspathTest,kotlinInternalAbiValidation,kotlinKlibCommonizerClasspath,runtimeClasspath,testCompileClasspath,testRuntimeClasspath
org.jetbrains.kotlin:kotlin-test-junit5:2.3.10=intellijPlatformTestRuntimeClasspath,testCompileClasspath,testRuntimeClasspath
org.jetbrains.kotlin:kotlin-test:2.3.10=intellijPlatformTestRuntimeClasspath,testCompileClasspath,testRuntimeClasspath
org.jetbrains.kotlin:kotlin-tooling-core:2.3.10=kotlinBuildToolsApiClasspath
org.jetbrains.kotlinx:kotlinx-coroutines-core-jvm:1.8.0=kotlinBuildToolsApiClasspath,kotlinCompilerClasspath,kotlinKlibCommonizerClasspath
org.jetbrains.kotlinx:kotlinx-io-bytestring-jvm:0.8.2=intellijPlatformComposedJar,intellijPlatformRuntimeClasspath,intellijPlatformTestRuntimeClasspath,runtimeClasspath,testRuntimeClasspath
org.jetbrains.kotlinx:kotlinx-io-bytestring:0.8.2=intellijPlatformComposedJar,intellijPlatformRuntimeClasspath,intellijPlatformTestRuntimeClasspath,runtimeClasspath,testRuntimeClasspath
org.jetbrains.kotlinx:kotlinx-io-core-jvm:0.8.2=intellijPlatformComposedJar,intellijPlatformRuntimeClasspath,intellijPlatformTestRuntimeClasspath,runtimeClasspath,testRuntimeClasspath
org.jetbrains.kotlinx:kotlinx-io-core:0.8.2=intellijPlatformComposedJar,intellijPlatformRuntimeClasspath,intellijPlatformTestRuntimeClasspath,runtimeClasspath,testRuntimeClasspath
org.jetbrains.kotlinx:kotlinx-serialization-bom:1.10.0=intellijPlatformComposedJar,intellijPlatformRuntimeClasspath,intellijPlatformTestRuntimeClasspath,runtimeClasspath,testRuntimeClasspath
org.jetbrains.kotlinx:kotlinx-serialization-core-jvm:1.10.0=intellijPlatformComposedJar,intellijPlatformRuntimeClasspath,intellijPlatformTestRuntimeClasspath,runtimeClasspath,testRuntimeClasspath
org.jetbrains.kotlinx:kotlinx-serialization-core:1.10.0=intellijPlatformComposedJar,intellijPlatformRuntimeClasspath,intellijPlatformTestRuntimeClasspath,runtimeClasspath,testRuntimeClasspath
org.jetbrains.kotlinx:kotlinx-serialization-json-jvm:1.10.0=intellijPlatformComposedJar,intellijPlatformRuntimeClasspath,intellijPlatformTestRuntimeClasspath,runtimeClasspath,testRuntimeClasspath
org.jetbrains.kotlinx:kotlinx-serialization-json:1.10.0=intellijPlatformComposedJar,intellijPlatformRuntimeClasspath,intellijPlatformTestRuntimeClasspath,runtimeClasspath,testRuntimeClasspath
org.jetbrains:annotations:13.0=compileClasspath,intellijPlatformComposedJar,intellijPlatformRuntimeClasspath,intellijPlatformTestRuntimeClasspath,kotlinBuildToolsApiClasspath,kotlinCompilerClasspath,kotlinCompilerPluginClasspathMain,kotlinCompilerPluginClasspathTest,kotlinInternalAbiValidation,kotlinKlibCommonizerClasspath,runtimeClasspath,testCompileClasspath,testRuntimeClasspath
org.jetbrains:annotations:24.0.0=intellijPlatformJavaCompiler
org.jetbrains:marketplace-zip-signer:0.1.43=marketplaceZipSigner
org.junit.jupiter:junit-jupiter-api:5.11.4=intellijPlatformTestRuntimeClasspath,testCompileClasspath,testRuntimeClasspath
org.junit.jupiter:junit-jupiter-engine:5.11.4=intellijPlatformTestRuntimeClasspath,testRuntimeClasspath
org.junit.jupiter:junit-jupiter-params:5.11.4=intellijPlatformTestRuntimeClasspath,testCompileClasspath,testRuntimeClasspath
org.junit.jupiter:junit-jupiter:5.11.4=intellijPlatformTestRuntimeClasspath,testCompileClasspath,testRuntimeClasspath
org.junit.platform:junit-platform-commons:1.11.4=intellijPlatformTestRuntimeClasspath,testCompileClasspath,testRuntimeClasspath
org.junit.platform:junit-platform-engine:1.11.4=intellijPlatformTestRuntimeClasspath,testRuntimeClasspath
org.junit.platform:junit-platform-launcher:1.11.4=intellijPlatformTestRuntimeClasspath,testRuntimeClasspath
org.junit:junit-bom:5.11.4=intellijPlatformTestRuntimeClasspath,testCompileClasspath,testRuntimeClasspath
org.opentest4j:opentest4j:1.3.0=intellijPlatformTestRuntimeClasspath,testCompileClasspath,testRuntimeClasspath
org.slf4j:slf4j-api:2.0.17=intellijPlatformComposedJar,intellijPlatformRuntimeClasspath,intellijPlatformTestRuntimeClasspath,runtimeClasspath,testRuntimeClasspath
empty=annotationProcessor,implementationDependenciesMetadata,intellijPlatformBackendPluginModuleDependencies,intellijPlatformBundledModules,intellijPlatformBundledPlugins,intellijPlatformDependencies,intellijPlatformFrontendPluginModuleDependencies,intellijPlatformLocal,intellijPlatformPlugin,intellijPlatformPluginComposedModule,intellijPlatformPluginDependency,intellijPlatformPluginLocal,intellijPlatformPluginModule,intellijPlatformPluginModuleDependencies,intellijPlatformTestBundledModules,intellijPlatformTestBundledPlugins,intellijPlatformTestDependencies,intellijPlatformTestPlugin,intellijPlatformTestPluginDependency,intellijPlatformTestPluginLocal,intellijPluginVerifierIdesLocalInstance,jetbrainsRuntime,jetbrainsRuntimeDependency,jetbrainsRuntimeLocalInstance,kotlinCompilerPluginClasspath,kotlinNativeCompilerPluginClasspath,kotlinScriptDefExtensions,testAnnotationProcessor,testImplementationDependenciesMetadata,testKotlinScriptDefExtensions
